
Microsoft Visual Studio Solution File, Format Version 12.00
# Visual Studio Version 17
VisualStudioVersion = 17.0.31903.59
MinimumVisualStudioVersion = 10.0.40219.1
Project("{FAE04EC0-301F-11D3-BF4B-00C04F79EFBC}") = "LogParking.Api", "LogParking.Api\LogParking.Api.csproj", "{5A1CB7BE-EECB-4B99-B9F1-B0A98F353126}"
EndProject
Project("{FAE04EC0-301F-11D3-BF4B-00C04F79EFBC}") = "LogParking.AppService", "LogParking.AppService\LogParking.AppService.csproj", "{6E48BF28-F295-4B91-8E58-7BF83ED7B73C}"
EndProject
Project("{FAE04EC0-301F-11D3-BF4B-00C04F79EFBC}") = "LogParking.Infrastructure", "LogParking.Infrastructure\LogParking.Infrastructure.csproj", "{6C26DF17-63C3-4918-A572-06D1AE304E36}"
EndProject
Project("{FAE04EC0-301F-11D3-BF4B-00C04F79EFBC}") = "LogParking.Utility", "LogParking.Utility\LogParking.Utility.csproj", "{BAC50C11-D428-4309-9003-0924C51C0339}"
EndProject
Global
	GlobalSection(SolutionConfigurationPlatforms) = preSolution
		Debug|Any CPU = Debug|Any CPU
		Release|Any CPU = Release|Any CPU
	EndGlobalSection
	GlobalSection(SolutionProperties) = preSolution
		HideSolutionNode = FALSE
	EndGlobalSection
	GlobalSection(ProjectConfigurationPlatforms) = postSolution
		{5A1CB7BE-EECB-4B99-B9F1-B0A98F353126}.Debug|Any CPU.ActiveCfg = Debug|Any CPU
		{5A1CB7BE-EECB-4B99-B9F1-B0A98F353126}.Debug|Any CPU.Build.0 = Debug|Any CPU
		{5A1CB7BE-EECB-4B99-B9F1-B0A98F353126}.Release|Any CPU.ActiveCfg = Release|Any CPU
		{5A1CB7BE-EECB-4B99-B9F1-B0A98F353126}.Release|Any CPU.Build.0 = Release|Any CPU
		{6E48BF28-F295-4B91-8E58-7BF83ED7B73C}.Debug|Any CPU.ActiveCfg = Debug|Any CPU
		{6E48BF28-F295-4B91-8E58-7BF83ED7B73C}.Debug|Any CPU.Build.0 = Debug|Any CPU
		{6E48BF28-F295-4B91-8E58-7BF83ED7B73C}.Release|Any CPU.ActiveCfg = Release|Any CPU
		{6E48BF28-F295-4B91-8E58-7BF83ED7B73C}.Release|Any CPU.Build.0 = Release|Any CPU
		{6C26DF17-63C3-4918-A572-06D1AE304E36}.Debug|Any CPU.ActiveCfg = Debug|Any CPU
		{6C26DF17-63C3-4918-A572-06D1AE304E36}.Debug|Any CPU.Build.0 = Debug|Any CPU
		{6C26DF17-63C3-4918-A572-06D1AE304E36}.Release|Any CPU.ActiveCfg = Release|Any CPU
		{6C26DF17-63C3-4918-A572-06D1AE304E36}.Release|Any CPU.Build.0 = Release|Any CPU
		{BAC50C11-D428-4309-9003-0924C51C0339}.Debug|Any CPU.ActiveCfg = Debug|Any CPU
		{BAC50C11-D428-4309-9003-0924C51C0339}.Debug|Any CPU.Build.0 = Debug|Any CPU
		{BAC50C11-D428-4309-9003-0924C51C0339}.Release|Any CPU.ActiveCfg = Release|Any CPU
		{BAC50C11-D428-4309-9003-0924C51C0339}.Release|Any CPU.Build.0 = Release|Any CPU
	EndGlobalSection
EndGlobal
